
Microsoft Visual Studio Solution File, Format Version 12.00
# Visual Studio 15
VisualStudioVersion = 15.0.26124.0
MinimumVisualStudioVersion = 15.0.26124.0
Project("{FAE04EC0-301F-11D3-BF4B-00C04F79EFBC}") = "SampleMVCWithCQS2", "SampleMVCWithCQS2\SampleMVCWithCQS2.csproj", "{DC1C227D-8E4A-48D6-B2A3-4C515DA0236A}"
EndProject
Project("{FAE04EC0-301F-11D3-BF4B-00C04F79EFBC}") = "SampleMVCWithCQS2Core", "SampleMVCWithCQS2Core\SampleMVCWithCQS2Core.csproj", "{8DEB0A68-CF12-4702-B020-80284DB7F9EB}"
EndProject
Project("{FAE04EC0-301F-11D3-BF4B-00C04F79EFBC}") = "IdentityServer", "IdentityServer\IdentityServer.csproj", "{4B6A83EA-58B2-43CF-AFEF-822AE29F5869}"
EndProject
Project("{FAE04EC0-301F-11D3-BF4B-00C04F79EFBC}") = "Api", "Api\Api.csproj", "{9331D3A9-DA15-4141-9FE5-4172EC6F5451}"
EndProject
Project("{FAE04EC0-301F-11D3-BF4B-00C04F79EFBC}") = "Client", "Client\Client.csproj", "{3BC24EC9-B679-446F-9E45-328DC2707F47}"
EndProject
Global
	GlobalSection(SolutionConfigurationPlatforms) = preSolution
		Debug|Any CPU = Debug|Any CPU
		Debug|x64 = Debug|x64
		Debug|x86 = Debug|x86
		Release|Any CPU = Release|Any CPU
		Release|x64 = Release|x64
		Release|x86 = Release|x86
	EndGlobalSection
	GlobalSection(SolutionProperties) = preSolution
		HideSolutionNode = FALSE
	EndGlobalSection
	GlobalSection(ProjectConfigurationPlatforms) = postSolution
		{DC1C227D-8E4A-48D6-B2A3-4C515DA0236A}.Debug|Any CPU.ActiveCfg = Debug|Any CPU
		{DC1C227D-8E4A-48D6-B2A3-4C515DA0236A}.Debug|Any CPU.Build.0 = Debug|Any CPU
		{DC1C227D-8E4A-48D6-B2A3-4C515DA0236A}.Debug|x64.ActiveCfg = Debug|Any CPU
		{DC1C227D-8E4A-48D6-B2A3-4C515DA0236A}.Debug|x64.Build.0 = Debug|Any CPU
		{DC1C227D-8E4A-48D6-B2A3-4C515DA0236A}.Debug|x86.ActiveCfg = Debug|Any CPU
		{DC1C227D-8E4A-48D6-B2A3-4C515DA0236A}.Debug|x86.Build.0 = Debug|Any CPU
		{DC1C227D-8E4A-48D6-B2A3-4C515DA0236A}.Release|Any CPU.ActiveCfg = Release|Any CPU
		{DC1C227D-8E4A-48D6-B2A3-4C515DA0236A}.Release|Any CPU.Build.0 = Release|Any CPU
		{DC1C227D-8E4A-48D6-B2A3-4C515DA0236A}.Release|x64.ActiveCfg = Release|Any CPU
		{DC1C227D-8E4A-48D6-B2A3-4C515DA0236A}.Release|x64.Build.0 = Release|Any CPU
		{DC1C227D-8E4A-48D6-B2A3-4C515DA0236A}.Release|x86.ActiveCfg = Release|Any CPU
		{DC1C227D-8E4A-48D6-B2A3-4C515DA0236A}.Release|x86.Build.0 = Release|Any CPU
		{8DEB0A68-CF12-4702-B020-80284DB7F9EB}.Debug|Any CPU.ActiveCfg = Debug|Any CPU
		{8DEB0A68-CF12-4702-B020-80284DB7F9EB}.Debug|Any CPU.Build.0 = Debug|Any CPU
		{8DEB0A68-CF12-4702-B020-80284DB7F9EB}.Debug|x64.ActiveCfg = Debug|Any CPU
		{8DEB0A68-CF12-4702-B020-80284DB7F9EB}.Debug|x64.Build.0 = Debug|Any CPU
		{8DEB0A68-CF12-4702-B020-80284DB7F9EB}.Debug|x86.ActiveCfg = Debug|Any CPU
		{8DEB0A68-CF12-4702-B020-80284DB7F9EB}.Debug|x86.Build.0 = Debug|Any CPU
		{8DEB0A68-CF12-4702-B020-80284DB7F9EB}.Release|Any CPU.ActiveCfg = Release|Any CPU
		{8DEB0A68-CF12-4702-B020-80284DB7F9EB}.Release|Any CPU.Build.0 = Release|Any CPU
		{8DEB0A68-CF12-4702-B020-80284DB7F9EB}.Release|x64.ActiveCfg = Release|Any CPU
		{8DEB0A68-CF12-4702-B020-80284DB7F9EB}.Release|x64.Build.0 = Release|Any CPU
		{8DEB0A68-CF12-4702-B020-80284DB7F9EB}.Release|x86.ActiveCfg = Release|Any CPU
		{8DEB0A68-CF12-4702-B020-80284DB7F9EB}.Release|x86.Build.0 = Release|Any CPU
		{4B6A83EA-58B2-43CF-AFEF-822AE29F5869}.Debug|Any CPU.ActiveCfg = Debug|Any CPU
		{4B6A83EA-58B2-43CF-AFEF-822AE29F5869}.Debug|Any CPU.Build.0 = Debug|Any CPU
		{4B6A83EA-58B2-43CF-AFEF-822AE29F5869}.Debug|x64.ActiveCfg = Debug|Any CPU
		{4B6A83EA-58B2-43CF-AFEF-822AE29F5869}.Debug|x64.Build.0 = Debug|Any CPU
		{4B6A83EA-58B2-43CF-AFEF-822AE29F5869}.Debug|x86.ActiveCfg = Debug|Any CPU
		{4B6A83EA-58B2-43CF-AFEF-822AE29F5869}.Debug|x86.Build.0 = Debug|Any CPU
		{4B6A83EA-58B2-43CF-AFEF-822AE29F5869}.Release|Any CPU.ActiveCfg = Release|Any CPU
		{4B6A83EA-58B2-43CF-AFEF-822AE29F5869}.Release|Any CPU.Build.0 = Release|Any CPU
		{4B6A83EA-58B2-43CF-AFEF-822AE29F5869}.Release|x64.ActiveCfg = Release|Any CPU
		{4B6A83EA-58B2-43CF-AFEF-822AE29F5869}.Release|x64.Build.0 = Release|Any CPU
		{4B6A83EA-58B2-43CF-AFEF-822AE29F5869}.Release|x86.ActiveCfg = Release|Any CPU
		{4B6A83EA-58B2-43CF-AFEF-822AE29F5869}.Release|x86.Build.0 = Release|Any CPU
		{9331D3A9-DA15-4141-9FE5-4172EC6F5451}.Debug|Any CPU.ActiveCfg = Debug|Any CPU
		{9331D3A9-DA15-4141-9FE5-4172EC6F5451}.Debug|Any CPU.Build.0 = Debug|Any CPU
		{9331D3A9-DA15-4141-9FE5-4172EC6F5451}.Debug|x64.ActiveCfg = Debug|Any CPU
		{9331D3A9-DA15-4141-9FE5-4172EC6F5451}.Debug|x64.Build.0 = Debug|Any CPU
		{9331D3A9-DA15-4141-9FE5-4172EC6F5451}.Debug|x86.ActiveCfg = Debug|Any CPU
		{9331D3A9-DA15-4141-9FE5-4172EC6F5451}.Debug|x86.Build.0 = Debug|Any CPU
		{9331D3A9-DA15-4141-9FE5-4172EC6F5451}.Release|Any CPU.ActiveCfg = Release|Any CPU
		{9331D3A9-DA15-4141-9FE5-4172EC6F5451}.Release|Any CPU.Build.0 = Release|Any CPU
		{9331D3A9-DA15-4141-9FE5-4172EC6F5451}.Release|x64.ActiveCfg = Release|Any CPU
		{9331D3A9-DA15-4141-9FE5-4172EC6F5451}.Release|x64.Build.0 = Release|Any CPU
		{9331D3A9-DA15-4141-9FE5-4172EC6F5451}.Release|x86.ActiveCfg = Release|Any CPU
		{9331D3A9-DA15-4141-9FE5-4172EC6F5451}.Release|x86.Build.0 = Release|Any CPU
		{3BC24EC9-B679-446F-9E45-328DC2707F47}.Debug|Any CPU.ActiveCfg = Debug|Any CPU
		{3BC24EC9-B679-446F-9E45-328DC2707F47}.Debug|Any CPU.Build.0 = Debug|Any CPU
		{3BC24EC9-B679-446F-9E45-328DC2707F47}.Debug|x64.ActiveCfg = Debug|Any CPU
		{3BC24EC9-B679-446F-9E45-328DC2707F47}.Debug|x64.Build.0 = Debug|Any CPU
		{3BC24EC9-B679-446F-9E45-328DC2707F47}.Debug|x86.ActiveCfg = Debug|Any CPU
		{3BC24EC9-B679-446F-9E45-328DC2707F47}.Debug|x86.Build.0 = Debug|Any CPU
		{3BC24EC9-B679-446F-9E45-328DC2707F47}.Release|Any CPU.ActiveCfg = Release|Any CPU
		{3BC24EC9-B679-446F-9E45-328DC2707F47}.Release|Any CPU.Build.0 = Release|Any CPU
		{3BC24EC9-B679-446F-9E45-328DC2707F47}.Release|x64.ActiveCfg = Release|Any CPU
		{3BC24EC9-B679-446F-9E45-328DC2707F47}.Release|x64.Build.0 = Release|Any CPU
		{3BC24EC9-B679-446F-9E45-328DC2707F47}.Release|x86.ActiveCfg = Release|Any CPU
		{3BC24EC9-B679-446F-9E45-328DC2707F47}.Release|x86.Build.0 = Release|Any CPU
	EndGlobalSection
EndGlobal
