
Microsoft Visual Studio Solution File, Format Version 12.00
# Visual Studio 15
VisualStudioVersion = 15.0.26124.0
MinimumVisualStudioVersion = 15.0.26124.0
Project("{FAE04EC0-301F-11D3-BF4B-00C04F79EFBC}") = "Client1", "Client1\Client1.csproj", "{7F3CA9F8-4B2A-4A02-B879-E058CE2E2904}"
EndProject
Project("{FAE04EC0-301F-11D3-BF4B-00C04F79EFBC}") = "Api1", "Api1\Api1.csproj", "{E35ED8C2-07BB-4266-986B-8D9783599B24}"
EndProject
Project("{FAE04EC0-301F-11D3-BF4B-00C04F79EFBC}") = "Api2", "Api2\Api2.csproj", "{0321A9BE-6331-4F20-B2FB-41A57BF84F4E}"
EndProject
Project("{FAE04EC0-301F-11D3-BF4B-00C04F79EFBC}") = "MVCClient2", "MVCClient2\MVCClient2.csproj", "{73DBCE5A-F2C7-4D8A-A2E8-FB359B770626}"
EndProject
Project("{FAE04EC0-301F-11D3-BF4B-00C04F79EFBC}") = "SampleMVCWithCQS", "SampleMVCWithCQS\SampleMVCWithCQS.csproj", "{635B1FBC-2457-4DE8-94A0-BAAFFCF9FF55}"
EndProject
Project("{FAE04EC0-301F-11D3-BF4B-00C04F79EFBC}") = "SampleMVCWithCQSCore", "SampleMVCWithCQSCore\SampleMVCWithCQSCore.csproj", "{28F72F16-4353-4667-8DB5-239E0244EC30}"
EndProject
Project("{FAE04EC0-301F-11D3-BF4B-00C04F79EFBC}") = "MvcClient3", "MvcClient3\MvcClient3.csproj", "{142DDEC9-70A9-43A3-B28D-592FC4F549ED}"
EndProject
Project("{FAE04EC0-301F-11D3-BF4B-00C04F79EFBC}") = "Api3", "Api3\Api3.csproj", "{CA81C16B-101F-47D5-904D-78E515D1C3EC}"
EndProject
Project("{FAE04EC0-301F-11D3-BF4B-00C04F79EFBC}") = "IdentityServer3", "IdentityServer3\IdentityServer3.csproj", "{06E5FCD2-DAA5-420A-AB16-AA3C8DF68EF7}"
EndProject
Project("{FAE04EC0-301F-11D3-BF4B-00C04F79EFBC}") = "Api4", "Api4\Api4.csproj", "{2BAC10D0-C88B-4B99-8418-3C399A832EB1}"
EndProject

Project("{FAE04EC0-301F-11D3-BF4B-00C04F79EFBC}") = "Api6", "Api6\Api6.csproj", "{AC112ECC-9051-4220-94B5-DCB331567153}"
EndProject
Project("{FAE04EC0-301F-11D3-BF4B-00C04F79EFBC}") = "IdentityServerAspNetIdentity", "IdentityServer6\IdentityServerAspNetIdentity.csproj", "{DC04B1BC-F73D-4FEC-8F60-779061947156}"
EndProject
Project("{FAE04EC0-301F-11D3-BF4B-00C04F79EFBC}") = "MvcClient6", "MvcClient6\MvcClient6.csproj", "{BA99A2A2-29F1-4E0E-BCBF-872ED9C79964}"
EndProject
Project("{FAE04EC0-301F-11D3-BF4B-00C04F79EFBC}") = "MvcClient4", "MvcClient4\MvcClient4.csproj", "{FA144898-2C21-479A-B772-ECA7BBA58150}"
EndProject
Project("{FAE04EC0-301F-11D3-BF4B-00C04F79EFBC}") = "JavaScriptClient4", "JavaScriptClient4\JavaScriptClient.csproj", "{086660DC-213A-4670-962E-61CB596D053B}"
EndProject
Project("{FAE04EC0-301F-11D3-BF4B-00C04F79EFBC}") = "IdentityServer2", "IdentityServer2\IdentityServer2.csproj", "{33B72A07-1903-401F-A725-12FC1A2FE077}"
EndProject
Global
	GlobalSection(SolutionConfigurationPlatforms) = preSolution
		Debug|Any CPU = Debug|Any CPU
		Debug|x64 = Debug|x64
		Debug|x86 = Debug|x86
		Release|Any CPU = Release|Any CPU
		Release|x64 = Release|x64
		Release|x86 = Release|x86
	EndGlobalSection
	GlobalSection(SolutionProperties) = preSolution
		HideSolutionNode = FALSE
	EndGlobalSection
	GlobalSection(ProjectConfigurationPlatforms) = postSolution
		{7F3CA9F8-4B2A-4A02-B879-E058CE2E2904}.Debug|Any CPU.ActiveCfg = Debug|Any CPU
		{7F3CA9F8-4B2A-4A02-B879-E058CE2E2904}.Debug|Any CPU.Build.0 = Debug|Any CPU
		{7F3CA9F8-4B2A-4A02-B879-E058CE2E2904}.Debug|x64.ActiveCfg = Debug|Any CPU
		{7F3CA9F8-4B2A-4A02-B879-E058CE2E2904}.Debug|x64.Build.0 = Debug|Any CPU
		{7F3CA9F8-4B2A-4A02-B879-E058CE2E2904}.Debug|x86.ActiveCfg = Debug|Any CPU
		{7F3CA9F8-4B2A-4A02-B879-E058CE2E2904}.Debug|x86.Build.0 = Debug|Any CPU
		{7F3CA9F8-4B2A-4A02-B879-E058CE2E2904}.Release|Any CPU.ActiveCfg = Release|Any CPU
		{7F3CA9F8-4B2A-4A02-B879-E058CE2E2904}.Release|Any CPU.Build.0 = Release|Any CPU
		{7F3CA9F8-4B2A-4A02-B879-E058CE2E2904}.Release|x64.ActiveCfg = Release|Any CPU
		{7F3CA9F8-4B2A-4A02-B879-E058CE2E2904}.Release|x64.Build.0 = Release|Any CPU
		{7F3CA9F8-4B2A-4A02-B879-E058CE2E2904}.Release|x86.ActiveCfg = Release|Any CPU
		{7F3CA9F8-4B2A-4A02-B879-E058CE2E2904}.Release|x86.Build.0 = Release|Any CPU
		{E35ED8C2-07BB-4266-986B-8D9783599B24}.Debug|Any CPU.ActiveCfg = Debug|Any CPU
		{E35ED8C2-07BB-4266-986B-8D9783599B24}.Debug|Any CPU.Build.0 = Debug|Any CPU
		{E35ED8C2-07BB-4266-986B-8D9783599B24}.Debug|x64.ActiveCfg = Debug|Any CPU
		{E35ED8C2-07BB-4266-986B-8D9783599B24}.Debug|x64.Build.0 = Debug|Any CPU
		{E35ED8C2-07BB-4266-986B-8D9783599B24}.Debug|x86.ActiveCfg = Debug|Any CPU
		{E35ED8C2-07BB-4266-986B-8D9783599B24}.Debug|x86.Build.0 = Debug|Any CPU
		{E35ED8C2-07BB-4266-986B-8D9783599B24}.Release|Any CPU.ActiveCfg = Release|Any CPU
		{E35ED8C2-07BB-4266-986B-8D9783599B24}.Release|Any CPU.Build.0 = Release|Any CPU
		{E35ED8C2-07BB-4266-986B-8D9783599B24}.Release|x64.ActiveCfg = Release|Any CPU
		{E35ED8C2-07BB-4266-986B-8D9783599B24}.Release|x64.Build.0 = Release|Any CPU
		{E35ED8C2-07BB-4266-986B-8D9783599B24}.Release|x86.ActiveCfg = Release|Any CPU
		{E35ED8C2-07BB-4266-986B-8D9783599B24}.Release|x86.Build.0 = Release|Any CPU
		{0321A9BE-6331-4F20-B2FB-41A57BF84F4E}.Debug|Any CPU.ActiveCfg = Debug|Any CPU
		{0321A9BE-6331-4F20-B2FB-41A57BF84F4E}.Debug|Any CPU.Build.0 = Debug|Any CPU
		{0321A9BE-6331-4F20-B2FB-41A57BF84F4E}.Debug|x64.ActiveCfg = Debug|Any CPU
		{0321A9BE-6331-4F20-B2FB-41A57BF84F4E}.Debug|x64.Build.0 = Debug|Any CPU
		{0321A9BE-6331-4F20-B2FB-41A57BF84F4E}.Debug|x86.ActiveCfg = Debug|Any CPU
		{0321A9BE-6331-4F20-B2FB-41A57BF84F4E}.Debug|x86.Build.0 = Debug|Any CPU
		{0321A9BE-6331-4F20-B2FB-41A57BF84F4E}.Release|Any CPU.ActiveCfg = Release|Any CPU
		{0321A9BE-6331-4F20-B2FB-41A57BF84F4E}.Release|Any CPU.Build.0 = Release|Any CPU
		{0321A9BE-6331-4F20-B2FB-41A57BF84F4E}.Release|x64.ActiveCfg = Release|Any CPU
		{0321A9BE-6331-4F20-B2FB-41A57BF84F4E}.Release|x64.Build.0 = Release|Any CPU
		{0321A9BE-6331-4F20-B2FB-41A57BF84F4E}.Release|x86.ActiveCfg = Release|Any CPU
		{0321A9BE-6331-4F20-B2FB-41A57BF84F4E}.Release|x86.Build.0 = Release|Any CPU
		{73DBCE5A-F2C7-4D8A-A2E8-FB359B770626}.Debug|Any CPU.ActiveCfg = Debug|Any CPU
		{73DBCE5A-F2C7-4D8A-A2E8-FB359B770626}.Debug|Any CPU.Build.0 = Debug|Any CPU
		{73DBCE5A-F2C7-4D8A-A2E8-FB359B770626}.Debug|x64.ActiveCfg = Debug|Any CPU
		{73DBCE5A-F2C7-4D8A-A2E8-FB359B770626}.Debug|x64.Build.0 = Debug|Any CPU
		{73DBCE5A-F2C7-4D8A-A2E8-FB359B770626}.Debug|x86.ActiveCfg = Debug|Any CPU
		{73DBCE5A-F2C7-4D8A-A2E8-FB359B770626}.Debug|x86.Build.0 = Debug|Any CPU
		{73DBCE5A-F2C7-4D8A-A2E8-FB359B770626}.Release|Any CPU.ActiveCfg = Release|Any CPU
		{73DBCE5A-F2C7-4D8A-A2E8-FB359B770626}.Release|Any CPU.Build.0 = Release|Any CPU
		{73DBCE5A-F2C7-4D8A-A2E8-FB359B770626}.Release|x64.ActiveCfg = Release|Any CPU
		{73DBCE5A-F2C7-4D8A-A2E8-FB359B770626}.Release|x64.Build.0 = Release|Any CPU
		{73DBCE5A-F2C7-4D8A-A2E8-FB359B770626}.Release|x86.ActiveCfg = Release|Any CPU
		{73DBCE5A-F2C7-4D8A-A2E8-FB359B770626}.Release|x86.Build.0 = Release|Any CPU
		{635B1FBC-2457-4DE8-94A0-BAAFFCF9FF55}.Debug|Any CPU.ActiveCfg = Debug|Any CPU
		{635B1FBC-2457-4DE8-94A0-BAAFFCF9FF55}.Debug|Any CPU.Build.0 = Debug|Any CPU
		{635B1FBC-2457-4DE8-94A0-BAAFFCF9FF55}.Debug|x64.ActiveCfg = Debug|Any CPU
		{635B1FBC-2457-4DE8-94A0-BAAFFCF9FF55}.Debug|x64.Build.0 = Debug|Any CPU
		{635B1FBC-2457-4DE8-94A0-BAAFFCF9FF55}.Debug|x86.ActiveCfg = Debug|Any CPU
		{635B1FBC-2457-4DE8-94A0-BAAFFCF9FF55}.Debug|x86.Build.0 = Debug|Any CPU
		{635B1FBC-2457-4DE8-94A0-BAAFFCF9FF55}.Release|Any CPU.ActiveCfg = Release|Any CPU
		{635B1FBC-2457-4DE8-94A0-BAAFFCF9FF55}.Release|Any CPU.Build.0 = Release|Any CPU
		{635B1FBC-2457-4DE8-94A0-BAAFFCF9FF55}.Release|x64.ActiveCfg = Release|Any CPU
		{635B1FBC-2457-4DE8-94A0-BAAFFCF9FF55}.Release|x64.Build.0 = Release|Any CPU
		{635B1FBC-2457-4DE8-94A0-BAAFFCF9FF55}.Release|x86.ActiveCfg = Release|Any CPU
		{635B1FBC-2457-4DE8-94A0-BAAFFCF9FF55}.Release|x86.Build.0 = Release|Any CPU
		{28F72F16-4353-4667-8DB5-239E0244EC30}.Debug|Any CPU.ActiveCfg = Debug|Any CPU
		{28F72F16-4353-4667-8DB5-239E0244EC30}.Debug|Any CPU.Build.0 = Debug|Any CPU
		{28F72F16-4353-4667-8DB5-239E0244EC30}.Debug|x64.ActiveCfg = Debug|Any CPU
		{28F72F16-4353-4667-8DB5-239E0244EC30}.Debug|x64.Build.0 = Debug|Any CPU
		{28F72F16-4353-4667-8DB5-239E0244EC30}.Debug|x86.ActiveCfg = Debug|Any CPU
		{28F72F16-4353-4667-8DB5-239E0244EC30}.Debug|x86.Build.0 = Debug|Any CPU
		{28F72F16-4353-4667-8DB5-239E0244EC30}.Release|Any CPU.ActiveCfg = Release|Any CPU
		{28F72F16-4353-4667-8DB5-239E0244EC30}.Release|Any CPU.Build.0 = Release|Any CPU
		{28F72F16-4353-4667-8DB5-239E0244EC30}.Release|x64.ActiveCfg = Release|Any CPU
		{28F72F16-4353-4667-8DB5-239E0244EC30}.Release|x64.Build.0 = Release|Any CPU
		{28F72F16-4353-4667-8DB5-239E0244EC30}.Release|x86.ActiveCfg = Release|Any CPU
		{28F72F16-4353-4667-8DB5-239E0244EC30}.Release|x86.Build.0 = Release|Any CPU
		{142DDEC9-70A9-43A3-B28D-592FC4F549ED}.Debug|Any CPU.ActiveCfg = Debug|Any CPU
		{142DDEC9-70A9-43A3-B28D-592FC4F549ED}.Debug|Any CPU.Build.0 = Debug|Any CPU
		{142DDEC9-70A9-43A3-B28D-592FC4F549ED}.Debug|x64.ActiveCfg = Debug|Any CPU
		{142DDEC9-70A9-43A3-B28D-592FC4F549ED}.Debug|x64.Build.0 = Debug|Any CPU
		{142DDEC9-70A9-43A3-B28D-592FC4F549ED}.Debug|x86.ActiveCfg = Debug|Any CPU
		{142DDEC9-70A9-43A3-B28D-592FC4F549ED}.Debug|x86.Build.0 = Debug|Any CPU
		{142DDEC9-70A9-43A3-B28D-592FC4F549ED}.Release|Any CPU.ActiveCfg = Release|Any CPU
		{142DDEC9-70A9-43A3-B28D-592FC4F549ED}.Release|Any CPU.Build.0 = Release|Any CPU
		{142DDEC9-70A9-43A3-B28D-592FC4F549ED}.Release|x64.ActiveCfg = Release|Any CPU
		{142DDEC9-70A9-43A3-B28D-592FC4F549ED}.Release|x64.Build.0 = Release|Any CPU
		{142DDEC9-70A9-43A3-B28D-592FC4F549ED}.Release|x86.ActiveCfg = Release|Any CPU
		{142DDEC9-70A9-43A3-B28D-592FC4F549ED}.Release|x86.Build.0 = Release|Any CPU
		{CA81C16B-101F-47D5-904D-78E515D1C3EC}.Debug|Any CPU.ActiveCfg = Debug|Any CPU
		{CA81C16B-101F-47D5-904D-78E515D1C3EC}.Debug|Any CPU.Build.0 = Debug|Any CPU
		{CA81C16B-101F-47D5-904D-78E515D1C3EC}.Debug|x64.ActiveCfg = Debug|Any CPU
		{CA81C16B-101F-47D5-904D-78E515D1C3EC}.Debug|x64.Build.0 = Debug|Any CPU
		{CA81C16B-101F-47D5-904D-78E515D1C3EC}.Debug|x86.ActiveCfg = Debug|Any CPU
		{CA81C16B-101F-47D5-904D-78E515D1C3EC}.Debug|x86.Build.0 = Debug|Any CPU
		{CA81C16B-101F-47D5-904D-78E515D1C3EC}.Release|Any CPU.ActiveCfg = Release|Any CPU
		{CA81C16B-101F-47D5-904D-78E515D1C3EC}.Release|Any CPU.Build.0 = Release|Any CPU
		{CA81C16B-101F-47D5-904D-78E515D1C3EC}.Release|x64.ActiveCfg = Release|Any CPU
		{CA81C16B-101F-47D5-904D-78E515D1C3EC}.Release|x64.Build.0 = Release|Any CPU
		{CA81C16B-101F-47D5-904D-78E515D1C3EC}.Release|x86.ActiveCfg = Release|Any CPU
		{CA81C16B-101F-47D5-904D-78E515D1C3EC}.Release|x86.Build.0 = Release|Any CPU
		{06E5FCD2-DAA5-420A-AB16-AA3C8DF68EF7}.Debug|Any CPU.ActiveCfg = Debug|Any CPU
		{06E5FCD2-DAA5-420A-AB16-AA3C8DF68EF7}.Debug|Any CPU.Build.0 = Debug|Any CPU
		{06E5FCD2-DAA5-420A-AB16-AA3C8DF68EF7}.Debug|x64.ActiveCfg = Debug|Any CPU
		{06E5FCD2-DAA5-420A-AB16-AA3C8DF68EF7}.Debug|x64.Build.0 = Debug|Any CPU
		{06E5FCD2-DAA5-420A-AB16-AA3C8DF68EF7}.Debug|x86.ActiveCfg = Debug|Any CPU
		{06E5FCD2-DAA5-420A-AB16-AA3C8DF68EF7}.Debug|x86.Build.0 = Debug|Any CPU
		{06E5FCD2-DAA5-420A-AB16-AA3C8DF68EF7}.Release|Any CPU.ActiveCfg = Release|Any CPU
		{06E5FCD2-DAA5-420A-AB16-AA3C8DF68EF7}.Release|Any CPU.Build.0 = Release|Any CPU
		{06E5FCD2-DAA5-420A-AB16-AA3C8DF68EF7}.Release|x64.ActiveCfg = Release|Any CPU
		{06E5FCD2-DAA5-420A-AB16-AA3C8DF68EF7}.Release|x64.Build.0 = Release|Any CPU
		{06E5FCD2-DAA5-420A-AB16-AA3C8DF68EF7}.Release|x86.ActiveCfg = Release|Any CPU
		{06E5FCD2-DAA5-420A-AB16-AA3C8DF68EF7}.Release|x86.Build.0 = Release|Any CPU
		{2BAC10D0-C88B-4B99-8418-3C399A832EB1}.Debug|Any CPU.ActiveCfg = Debug|Any CPU
		{2BAC10D0-C88B-4B99-8418-3C399A832EB1}.Debug|Any CPU.Build.0 = Debug|Any CPU
		{2BAC10D0-C88B-4B99-8418-3C399A832EB1}.Debug|x64.ActiveCfg = Debug|Any CPU
		{2BAC10D0-C88B-4B99-8418-3C399A832EB1}.Debug|x64.Build.0 = Debug|Any CPU
		{2BAC10D0-C88B-4B99-8418-3C399A832EB1}.Debug|x86.ActiveCfg = Debug|Any CPU
		{2BAC10D0-C88B-4B99-8418-3C399A832EB1}.Debug|x86.Build.0 = Debug|Any CPU
		{2BAC10D0-C88B-4B99-8418-3C399A832EB1}.Release|Any CPU.ActiveCfg = Release|Any CPU
		{2BAC10D0-C88B-4B99-8418-3C399A832EB1}.Release|Any CPU.Build.0 = Release|Any CPU
		{2BAC10D0-C88B-4B99-8418-3C399A832EB1}.Release|x64.ActiveCfg = Release|Any CPU
		{2BAC10D0-C88B-4B99-8418-3C399A832EB1}.Release|x64.Build.0 = Release|Any CPU
		{2BAC10D0-C88B-4B99-8418-3C399A832EB1}.Release|x86.ActiveCfg = Release|Any CPU
		{2BAC10D0-C88B-4B99-8418-3C399A832EB1}.Release|x86.Build.0 = Release|Any CPU
		{DCC42A52-3F78-4EF5-9805-A7A2EE3F623E}.Debug|Any CPU.ActiveCfg = Debug|Any CPU
		{DCC42A52-3F78-4EF5-9805-A7A2EE3F623E}.Debug|Any CPU.Build.0 = Debug|Any CPU
		{DCC42A52-3F78-4EF5-9805-A7A2EE3F623E}.Debug|x64.ActiveCfg = Debug|Any CPU
		{DCC42A52-3F78-4EF5-9805-A7A2EE3F623E}.Debug|x64.Build.0 = Debug|Any CPU
		{DCC42A52-3F78-4EF5-9805-A7A2EE3F623E}.Debug|x86.ActiveCfg = Debug|Any CPU
		{DCC42A52-3F78-4EF5-9805-A7A2EE3F623E}.Debug|x86.Build.0 = Debug|Any CPU
		{DCC42A52-3F78-4EF5-9805-A7A2EE3F623E}.Release|Any CPU.ActiveCfg = Release|Any CPU
		{DCC42A52-3F78-4EF5-9805-A7A2EE3F623E}.Release|Any CPU.Build.0 = Release|Any CPU
		{DCC42A52-3F78-4EF5-9805-A7A2EE3F623E}.Release|x64.ActiveCfg = Release|Any CPU
		{DCC42A52-3F78-4EF5-9805-A7A2EE3F623E}.Release|x64.Build.0 = Release|Any CPU
		{DCC42A52-3F78-4EF5-9805-A7A2EE3F623E}.Release|x86.ActiveCfg = Release|Any CPU
		{DCC42A52-3F78-4EF5-9805-A7A2EE3F623E}.Release|x86.Build.0 = Release|Any CPU
		{F0C79FF1-D2AB-4010-974A-874120BA86CC}.Debug|Any CPU.ActiveCfg = Debug|Any CPU
		{F0C79FF1-D2AB-4010-974A-874120BA86CC}.Debug|Any CPU.Build.0 = Debug|Any CPU
		{F0C79FF1-D2AB-4010-974A-874120BA86CC}.Debug|x64.ActiveCfg = Debug|Any CPU
		{F0C79FF1-D2AB-4010-974A-874120BA86CC}.Debug|x64.Build.0 = Debug|Any CPU
		{F0C79FF1-D2AB-4010-974A-874120BA86CC}.Debug|x86.ActiveCfg = Debug|Any CPU
		{F0C79FF1-D2AB-4010-974A-874120BA86CC}.Debug|x86.Build.0 = Debug|Any CPU
		{F0C79FF1-D2AB-4010-974A-874120BA86CC}.Release|Any CPU.ActiveCfg = Release|Any CPU
		{F0C79FF1-D2AB-4010-974A-874120BA86CC}.Release|Any CPU.Build.0 = Release|Any CPU
		{F0C79FF1-D2AB-4010-974A-874120BA86CC}.Release|x64.ActiveCfg = Release|Any CPU
		{F0C79FF1-D2AB-4010-974A-874120BA86CC}.Release|x64.Build.0 = Release|Any CPU
		{F0C79FF1-D2AB-4010-974A-874120BA86CC}.Release|x86.ActiveCfg = Release|Any CPU
		{F0C79FF1-D2AB-4010-974A-874120BA86CC}.Release|x86.Build.0 = Release|Any CPU
		{AC112ECC-9051-4220-94B5-DCB331567153}.Debug|Any CPU.ActiveCfg = Debug|Any CPU
		{AC112ECC-9051-4220-94B5-DCB331567153}.Debug|Any CPU.Build.0 = Debug|Any CPU
		{AC112ECC-9051-4220-94B5-DCB331567153}.Debug|x64.ActiveCfg = Debug|Any CPU
		{AC112ECC-9051-4220-94B5-DCB331567153}.Debug|x64.Build.0 = Debug|Any CPU
		{AC112ECC-9051-4220-94B5-DCB331567153}.Debug|x86.ActiveCfg = Debug|Any CPU
		{AC112ECC-9051-4220-94B5-DCB331567153}.Debug|x86.Build.0 = Debug|Any CPU
		{AC112ECC-9051-4220-94B5-DCB331567153}.Release|Any CPU.ActiveCfg = Release|Any CPU
		{AC112ECC-9051-4220-94B5-DCB331567153}.Release|Any CPU.Build.0 = Release|Any CPU
		{AC112ECC-9051-4220-94B5-DCB331567153}.Release|x64.ActiveCfg = Release|Any CPU
		{AC112ECC-9051-4220-94B5-DCB331567153}.Release|x64.Build.0 = Release|Any CPU
		{AC112ECC-9051-4220-94B5-DCB331567153}.Release|x86.ActiveCfg = Release|Any CPU
		{AC112ECC-9051-4220-94B5-DCB331567153}.Release|x86.Build.0 = Release|Any CPU
		{DC04B1BC-F73D-4FEC-8F60-779061947156}.Debug|Any CPU.ActiveCfg = Debug|Any CPU
		{DC04B1BC-F73D-4FEC-8F60-779061947156}.Debug|Any CPU.Build.0 = Debug|Any CPU
		{DC04B1BC-F73D-4FEC-8F60-779061947156}.Debug|x64.ActiveCfg = Debug|Any CPU
		{DC04B1BC-F73D-4FEC-8F60-779061947156}.Debug|x64.Build.0 = Debug|Any CPU
		{DC04B1BC-F73D-4FEC-8F60-779061947156}.Debug|x86.ActiveCfg = Debug|Any CPU
		{DC04B1BC-F73D-4FEC-8F60-779061947156}.Debug|x86.Build.0 = Debug|Any CPU
		{DC04B1BC-F73D-4FEC-8F60-779061947156}.Release|Any CPU.ActiveCfg = Release|Any CPU
		{DC04B1BC-F73D-4FEC-8F60-779061947156}.Release|Any CPU.Build.0 = Release|Any CPU
		{DC04B1BC-F73D-4FEC-8F60-779061947156}.Release|x64.ActiveCfg = Release|Any CPU
		{DC04B1BC-F73D-4FEC-8F60-779061947156}.Release|x64.Build.0 = Release|Any CPU
		{DC04B1BC-F73D-4FEC-8F60-779061947156}.Release|x86.ActiveCfg = Release|Any CPU
		{DC04B1BC-F73D-4FEC-8F60-779061947156}.Release|x86.Build.0 = Release|Any CPU
		{BA99A2A2-29F1-4E0E-BCBF-872ED9C79964}.Debug|Any CPU.ActiveCfg = Debug|Any CPU
		{BA99A2A2-29F1-4E0E-BCBF-872ED9C79964}.Debug|Any CPU.Build.0 = Debug|Any CPU
		{BA99A2A2-29F1-4E0E-BCBF-872ED9C79964}.Debug|x64.ActiveCfg = Debug|Any CPU
		{BA99A2A2-29F1-4E0E-BCBF-872ED9C79964}.Debug|x64.Build.0 = Debug|Any CPU
		{BA99A2A2-29F1-4E0E-BCBF-872ED9C79964}.Debug|x86.ActiveCfg = Debug|Any CPU
		{BA99A2A2-29F1-4E0E-BCBF-872ED9C79964}.Debug|x86.Build.0 = Debug|Any CPU
		{BA99A2A2-29F1-4E0E-BCBF-872ED9C79964}.Release|Any CPU.ActiveCfg = Release|Any CPU
		{BA99A2A2-29F1-4E0E-BCBF-872ED9C79964}.Release|Any CPU.Build.0 = Release|Any CPU
		{BA99A2A2-29F1-4E0E-BCBF-872ED9C79964}.Release|x64.ActiveCfg = Release|Any CPU
		{BA99A2A2-29F1-4E0E-BCBF-872ED9C79964}.Release|x64.Build.0 = Release|Any CPU
		{BA99A2A2-29F1-4E0E-BCBF-872ED9C79964}.Release|x86.ActiveCfg = Release|Any CPU
		{BA99A2A2-29F1-4E0E-BCBF-872ED9C79964}.Release|x86.Build.0 = Release|Any CPU
		{FA144898-2C21-479A-B772-ECA7BBA58150}.Debug|Any CPU.ActiveCfg = Debug|Any CPU
		{FA144898-2C21-479A-B772-ECA7BBA58150}.Debug|Any CPU.Build.0 = Debug|Any CPU
		{FA144898-2C21-479A-B772-ECA7BBA58150}.Debug|x64.ActiveCfg = Debug|Any CPU
		{FA144898-2C21-479A-B772-ECA7BBA58150}.Debug|x64.Build.0 = Debug|Any CPU
		{FA144898-2C21-479A-B772-ECA7BBA58150}.Debug|x86.ActiveCfg = Debug|Any CPU
		{FA144898-2C21-479A-B772-ECA7BBA58150}.Debug|x86.Build.0 = Debug|Any CPU
		{FA144898-2C21-479A-B772-ECA7BBA58150}.Release|Any CPU.ActiveCfg = Release|Any CPU
		{FA144898-2C21-479A-B772-ECA7BBA58150}.Release|Any CPU.Build.0 = Release|Any CPU
		{FA144898-2C21-479A-B772-ECA7BBA58150}.Release|x64.ActiveCfg = Release|Any CPU
		{FA144898-2C21-479A-B772-ECA7BBA58150}.Release|x64.Build.0 = Release|Any CPU
		{FA144898-2C21-479A-B772-ECA7BBA58150}.Release|x86.ActiveCfg = Release|Any CPU
		{FA144898-2C21-479A-B772-ECA7BBA58150}.Release|x86.Build.0 = Release|Any CPU
		{086660DC-213A-4670-962E-61CB596D053B}.Debug|Any CPU.ActiveCfg = Debug|Any CPU
		{086660DC-213A-4670-962E-61CB596D053B}.Debug|Any CPU.Build.0 = Debug|Any CPU
		{086660DC-213A-4670-962E-61CB596D053B}.Debug|x64.ActiveCfg = Debug|Any CPU
		{086660DC-213A-4670-962E-61CB596D053B}.Debug|x64.Build.0 = Debug|Any CPU
		{086660DC-213A-4670-962E-61CB596D053B}.Debug|x86.ActiveCfg = Debug|Any CPU
		{086660DC-213A-4670-962E-61CB596D053B}.Debug|x86.Build.0 = Debug|Any CPU
		{086660DC-213A-4670-962E-61CB596D053B}.Release|Any CPU.ActiveCfg = Release|Any CPU
		{086660DC-213A-4670-962E-61CB596D053B}.Release|Any CPU.Build.0 = Release|Any CPU
		{086660DC-213A-4670-962E-61CB596D053B}.Release|x64.ActiveCfg = Release|Any CPU
		{086660DC-213A-4670-962E-61CB596D053B}.Release|x64.Build.0 = Release|Any CPU
		{086660DC-213A-4670-962E-61CB596D053B}.Release|x86.ActiveCfg = Release|Any CPU
		{086660DC-213A-4670-962E-61CB596D053B}.Release|x86.Build.0 = Release|Any CPU
		{33B72A07-1903-401F-A725-12FC1A2FE077}.Debug|Any CPU.ActiveCfg = Debug|Any CPU
		{33B72A07-1903-401F-A725-12FC1A2FE077}.Debug|Any CPU.Build.0 = Debug|Any CPU
		{33B72A07-1903-401F-A725-12FC1A2FE077}.Debug|x64.ActiveCfg = Debug|Any CPU
		{33B72A07-1903-401F-A725-12FC1A2FE077}.Debug|x64.Build.0 = Debug|Any CPU
		{33B72A07-1903-401F-A725-12FC1A2FE077}.Debug|x86.ActiveCfg = Debug|Any CPU
		{33B72A07-1903-401F-A725-12FC1A2FE077}.Debug|x86.Build.0 = Debug|Any CPU
		{33B72A07-1903-401F-A725-12FC1A2FE077}.Release|Any CPU.ActiveCfg = Release|Any CPU
		{33B72A07-1903-401F-A725-12FC1A2FE077}.Release|Any CPU.Build.0 = Release|Any CPU
		{33B72A07-1903-401F-A725-12FC1A2FE077}.Release|x64.ActiveCfg = Release|Any CPU
		{33B72A07-1903-401F-A725-12FC1A2FE077}.Release|x64.Build.0 = Release|Any CPU
		{33B72A07-1903-401F-A725-12FC1A2FE077}.Release|x86.ActiveCfg = Release|Any CPU
		{33B72A07-1903-401F-A725-12FC1A2FE077}.Release|x86.Build.0 = Release|Any CPU
	EndGlobalSection
EndGlobal
